{
    "_readme": [
        "This file locks the dependencies of your project to a known state",
        "Read more about it at http://getcomposer.org/doc/01-basic-usage.md#composer-lock-the-lock-file",
        "This file is @generated automatically"
    ],
    "hash": "353597e0837daae4900ac7caf7c477cc",
    "packages": [
        {
            "name": "container-interop/container-interop",
            "version": "1.0.0",
            "source": {
                "type": "git",
                "url": "https://github.com/container-interop/container-interop.git",
                "reference": "b4274c871bfd1ae8d8e527ba11734f4df1573e48"
            },
            "dist": {
                "type": "zip",
                "url": "https://api.github.com/repos/container-interop/container-interop/zipball/b4274c871bfd1ae8d8e527ba11734f4df1573e48",
                "reference": "b4274c871bfd1ae8d8e527ba11734f4df1573e48",
                "shasum": ""
            },
            "type": "library",
            "autoload": {
                "psr-4": {
                    "Interop\\Container\\": "src/Interop/Container/"
                }
            },
            "notification-url": "https://packagist.org/downloads/",
            "license": [
                "MIT"
            ],
            "description": "Promoting the interoperability of container objects (DIC, SL, etc.)",
            "time": "2014-03-16 14:50:05"
        },
        {
            "name": "guide42/suda",
            "version": "v0.6.0",
            "source": {
                "type": "git",
                "url": "https://github.com/guide42/suda.git",
                "reference": "5b0a4c623939dc7e480e5bc975da1a5d2a47086e"
            },
            "dist": {
                "type": "zip",
                "url": "https://api.github.com/repos/guide42/suda/zipball/5b0a4c623939dc7e480e5bc975da1a5d2a47086e",
                "reference": "5b0a4c623939dc7e480e5bc975da1a5d2a47086e",
                "shasum": ""
            },
            "require": {
                "container-interop/container-interop": "~1.0",
                "php": ">=5.3"
            },
            "require-dev": {
                "satooshi/php-coveralls": "@stable"
            },
            "type": "library",
            "autoload": {
                "psr-4": {
                    "Guide42\\Suda\\": "library/"
                }
            },
            "notification-url": "https://packagist.org/downloads/",
            "license": [
                "ISC"
            ],
            "authors": [
                {
                    "name": "Juan M Martínez",
                    "email": "suda@jm.guide42.com",
                    "homepage": "http://jm.guide42.com",
                    "role": "Developer"
                }
            ],
            "description": "PHP Registry",
            "keywords": [
                "container",
                "dependency injection",
                "di",
                "registry"
            ],
            "time": "2014-10-19 23:53:39"
        }
    ],
    "packages-dev": [],
    "aliases": [],
    "minimum-stability": "stable",
    "stability-flags": [],
    "prefer-stable": false,
    "platform": {
        "php": ">=5.3"
    },
    "platform-dev": []
}
